
Microsoft Visual Studio Solution File, Format Version 12.00
# Visual Studio Version 16
VisualStudioVersion = 16.0.29215.179
MinimumVisualStudioVersion = 10.0.40219.1
Project("{9A19103F-16F7-4668-BE54-9A1E7A4F7556}") = "WitcherKendoEFDemo", "WitcherKendoEFDemo.csproj", "{46755EDD-079C-48FB-A3A7-67168CDE87FE}"
EndProject
Project("{2150E333-8FDC-42A3-9474-1A3956D46DE8}") = "Solution Items", "Solution Items", "{3EC06557-06E0-4425-862B-0107015D0274}"
	ProjectSection(SolutionItems) = preProject
		..\..\source\repos\WitcherKendoEFDemo\global.json = ..\..\source\repos\WitcherKendoEFDemo\global.json
	EndProjectSection
EndProject
Global
	GlobalSection(SolutionConfigurationPlatforms) = preSolution
		Debug|Any CPU = Debug|Any CPU
		Release|Any CPU = Release|Any CPU
	EndGlobalSection
	GlobalSection(ProjectConfigurationPlatforms) = postSolution
		{46755EDD-079C-48FB-A3A7-67168CDE87FE}.Debug|Any CPU.ActiveCfg = Debug|Any CPU
		{46755EDD-079C-48FB-A3A7-67168CDE87FE}.Debug|Any CPU.Build.0 = Debug|Any CPU
		{46755EDD-079C-48FB-A3A7-67168CDE87FE}.Release|Any CPU.ActiveCfg = Release|Any CPU
		{46755EDD-079C-48FB-A3A7-67168CDE87FE}.Release|Any CPU.Build.0 = Release|Any CPU
	EndGlobalSection
	GlobalSection(SolutionProperties) = preSolution
		HideSolutionNode = FALSE
	EndGlobalSection
	GlobalSection(ExtensibilityGlobals) = postSolution
		SolutionGuid = {F84D5270-54C3-483B-9070-61953B0B2FB9}
	EndGlobalSection
EndGlobal
